// !$*UTF8*$!
{
	archiveVersion = 1;
	classes = {
	};
	objectVersion = 51;
	objects = {

/* Begin PBXBuildFile section */
		2C2B726F2502300B0054EF4C /* CellProtocol.swift in Sources */ = {isa = PBXBuildFile; fileRef = 2C2B726E2502300B0054EF4C /* CellProtocol.swift */; };
		2C2B72712502319D0054EF4C /* CriticInfoICellItem.swift in Sources */ = {isa = PBXBuildFile; fileRef = 2C2B72702502319D0054EF4C /* CriticInfoICellItem.swift */; };
		2C2B7273250231C10054EF4C /* ReviewesCellItem.swift in Sources */ = {isa = PBXBuildFile; fileRef = 2C2B7272250231C10054EF4C /* ReviewesCellItem.swift */; };
		2C4DA9E524F3B27D00A77333 /* ReviewesViewController.swift in Sources */ = {isa = PBXBuildFile; fileRef = 2C4DA9E424F3B27D00A77333 /* ReviewesViewController.swift */; };
		2C4DA9E724F3B2AC00A77333 /* CriticsViewController.swift in Sources */ = {isa = PBXBuildFile; fileRef = 2C4DA9E624F3B2AC00A77333 /* CriticsViewController.swift */; };
		2C4DA9E924F3B38500A77333 /* CriticAboutViewController.swift in Sources */ = {isa = PBXBuildFile; fileRef = 2C4DA9E824F3B38500A77333 /* CriticAboutViewController.swift */; };
		2C4DA9EB24F3B5D500A77333 /* SessionForReviewes.swift in Sources */ = {isa = PBXBuildFile; fileRef = 2C4DA9EA24F3B5D500A77333 /* SessionForReviewes.swift */; };
		2C4DA9ED24F3B69F00A77333 /* NetworkError.swift in Sources */ = {isa = PBXBuildFile; fileRef = 2C4DA9EC24F3B69F00A77333 /* NetworkError.swift */; };
		2C5FC2B324F91A4C00AE6127 /* SessionForCritics.swift in Sources */ = {isa = PBXBuildFile; fileRef = 2C5FC2B224F91A4C00AE6127 /* SessionForCritics.swift */; };
		2C5FC2B524F9283000AE6127 /* Critics.swift in Sources */ = {isa = PBXBuildFile; fileRef = 2C5FC2B424F9283000AE6127 /* Critics.swift */; };
		2C5FC2B724F9286000AE6127 /* Critic.swift in Sources */ = {isa = PBXBuildFile; fileRef = 2C5FC2B624F9286000AE6127 /* Critic.swift */; };
		2C5FC2BA24F9293B00AE6127 /* CriticsCollectionViewCell.swift in Sources */ = {isa = PBXBuildFile; fileRef = 2C5FC2B824F9293B00AE6127 /* CriticsCollectionViewCell.swift */; };
		2C5FC2BB24F9293B00AE6127 /* CriticsCollectionViewCell.xib in Resources */ = {isa = PBXBuildFile; fileRef = 2C5FC2B924F9293B00AE6127 /* CriticsCollectionViewCell.xib */; };
		2C5FC2BD24F93C0F00AE6127 /* Resource.swift in Sources */ = {isa = PBXBuildFile; fileRef = 2C5FC2BC24F93C0F00AE6127 /* Resource.swift */; };
		2C68352724FFDAF300F9FA69 /* CriticInfoCollectionViewCell.swift in Sources */ = {isa = PBXBuildFile; fileRef = 2C68352524FFDAF300F9FA69 /* CriticInfoCollectionViewCell.swift */; };
		2C68352824FFDAF300F9FA69 /* CriticInfoCollectionViewCell.xib in Resources */ = {isa = PBXBuildFile; fileRef = 2C68352624FFDAF300F9FA69 /* CriticInfoCollectionViewCell.xib */; };
		2C7157C124EFB9AE009CB026 /* AppDelegate.swift in Sources */ = {isa = PBXBuildFile; fileRef = 2C7157C024EFB9AE009CB026 /* AppDelegate.swift */; };
		2C7157C524EFB9AE009CB026 /* ContainerViewController.swift in Sources */ = {isa = PBXBuildFile; fileRef = 2C7157C424EFB9AE009CB026 /* ContainerViewController.swift */; };
		2C7157C824EFB9AE009CB026 /* Main.storyboard in Resources */ = {isa = PBXBuildFile; fileRef = 2C7157C624EFB9AE009CB026 /* Main.storyboard */; };
		2C7157CA24EFB9AF009CB026 /* Assets.xcassets in Resources */ = {isa = PBXBuildFile; fileRef = 2C7157C924EFB9AF009CB026 /* Assets.xcassets */; };
		2C7157CD24EFB9AF009CB026 /* LaunchScreen.storyboard in Resources */ = {isa = PBXBuildFile; fileRef = 2C7157CB24EFB9AF009CB026 /* LaunchScreen.storyboard */; };
		2C7157D824EFB9AF009CB026 /* Reviewes_and_criticsTests.swift in Sources */ = {isa = PBXBuildFile; fileRef = 2C7157D724EFB9AF009CB026 /* Reviewes_and_criticsTests.swift */; };
		2C7157ED24F00C48009CB026 /* Review.swift in Sources */ = {isa = PBXBuildFile; fileRef = 2C7157EC24F00C48009CB026 /* Review.swift */; };
		2C7157EF24F012FE009CB026 /* Multimedia.swift in Sources */ = {isa = PBXBuildFile; fileRef = 2C7157EE24F012FE009CB026 /* Multimedia.swift */; };
		2C85B31C24F552B10058E1E5 /* FullArray.swift in Sources */ = {isa = PBXBuildFile; fileRef = 2C85B31B24F552B10058E1E5 /* FullArray.swift */; };
		2CBE12EE24F7A49600397909 /* KeyboardToolbar.swift in Sources */ = {isa = PBXBuildFile; fileRef = 2CBE12ED24F7A49600397909 /* KeyboardToolbar.swift */; };
		2CBE12F024F7A4C600397909 /* KeyboardToolbarButton.swift in Sources */ = {isa = PBXBuildFile; fileRef = 2CBE12EF24F7A4C600397909 /* KeyboardToolbarButton.swift */; };
		2CC6051524FF74F00097717D /* String+Ext.swift in Sources */ = {isa = PBXBuildFile; fileRef = 2CC6051424FF74F00097717D /* String+Ext.swift */; };
		2CC6051724FFB3F40097717D /* UIView+Ext.swift in Sources */ = {isa = PBXBuildFile; fileRef = 2CC6051624FFB3F40097717D /* UIView+Ext.swift */; };
		2CC6051924FFB40A0097717D /* UIViewController+Ext.swift in Sources */ = {isa = PBXBuildFile; fileRef = 2CC6051824FFB40A0097717D /* UIViewController+Ext.swift */; };
		2CD7960524FD015400A75BC2 /* SessionForCriticReviwes.swift in Sources */ = {isa = PBXBuildFile; fileRef = 2CD7960424FD015400A75BC2 /* SessionForCriticReviwes.swift */; };
		2CE9D0F424F646CD00A916B0 /* ReviewesCollectionViewCell.swift in Sources */ = {isa = PBXBuildFile; fileRef = 2CE9D0F224F646CD00A916B0 /* ReviewesCollectionViewCell.swift */; };
		2CE9D0F524F646CD00A916B0 /* ReviewesCollectionViewCell.xib in Resources */ = {isa = PBXBuildFile; fileRef = 2CE9D0F324F646CD00A916B0 /* ReviewesCollectionViewCell.xib */; };
		2EA952FDCF248291DCE1B509 /* Pods_Reviewes_and_criticsTests.framework in Frameworks */ = {isa = PBXBuildFile; fileRef = 22E3B1F1165A5787E82C849B /* Pods_Reviewes_and_criticsTests.framework */; };
		E40A606CED3D3FB9F0D6CDE8 /* Pods_Reviewes_and_critics.framework in Frameworks */ = {isa = PBXBuildFile; fileRef = B24B99ABDECD463C5FB8345C /* Pods_Reviewes_and_critics.framework */; };
/* End PBXBuildFile section */

/* Begin PBXContainerItemProxy section */
		2C7157D424EFB9AF009CB026 /* PBXContainerItemProxy */ = {
			isa = PBXContainerItemProxy;
			containerPortal = 2C7157B524EFB9AE009CB026 /* Project object */;
			proxyType = 1;
			remoteGlobalIDString = 2C7157BC24EFB9AE009CB026;
			remoteInfo = "Reviewes and critics";
		};
/* End PBXContainerItemProxy section */

/* Begin PBXFileReference section */
		22E3B1F1165A5787E82C849B /* Pods_Reviewes_and_criticsTests.framework */ = {isa = PBXFileReference; explicitFileType = wrapper.framework; includeInIndex = 0; path = Pods_Reviewes_and_criticsTests.framework; sourceTree = BUILT_PRODUCTS_DIR; };
		2C2B726E2502300B0054EF4C /* CellProtocol.swift */ = {isa = PBXFileReference; lastKnownFileType = sourcecode.swift; path = CellProtocol.swift; sourceTree = "<group>"; };
		2C2B72702502319D0054EF4C /* CriticInfoICellItem.swift */ = {isa = PBXFileReference; lastKnownFileType = sourcecode.swift; path = CriticInfoICellItem.swift; sourceTree = "<group>"; };
		2C2B7272250231C10054EF4C /* ReviewesCellItem.swift */ = {isa = PBXFileReference; lastKnownFileType = sourcecode.swift; path = ReviewesCellItem.swift; sourceTree = "<group>"; };
		2C4DA9E424F3B27D00A77333 /* ReviewesViewController.swift */ = {isa = PBXFileReference; lastKnownFileType = sourcecode.swift; path = ReviewesViewController.swift; sourceTree = "<group>"; };
		2C4DA9E624F3B2AC00A77333 /* CriticsViewController.swift */ = {isa = PBXFileReference; lastKnownFileType = sourcecode.swift; path = CriticsViewController.swift; sourceTree = "<group>"; };
		2C4DA9E824F3B38500A77333 /* CriticAboutViewController.swift */ = {isa = PBXFileReference; lastKnownFileType = sourcecode.swift; path = CriticAboutViewController.swift; sourceTree = "<group>"; };
		2C4DA9EA24F3B5D500A77333 /* SessionForReviewes.swift */ = {isa = PBXFileReference; lastKnownFileType = sourcecode.swift; path = SessionForReviewes.swift; sourceTree = "<group>"; };
		2C4DA9EC24F3B69F00A77333 /* NetworkError.swift */ = {isa = PBXFileReference; lastKnownFileType = sourcecode.swift; path = NetworkError.swift; sourceTree = "<group>"; };
		2C5FC2B224F91A4C00AE6127 /* SessionForCritics.swift */ = {isa = PBXFileReference; lastKnownFileType = sourcecode.swift; path = SessionForCritics.swift; sourceTree = "<group>"; };
		2C5FC2B424F9283000AE6127 /* Critics.swift */ = {isa = PBXFileReference; lastKnownFileType = sourcecode.swift; path = Critics.swift; sourceTree = "<group>"; };
		2C5FC2B624F9286000AE6127 /* Critic.swift */ = {isa = PBXFileReference; lastKnownFileType = sourcecode.swift; path = Critic.swift; sourceTree = "<group>"; };
		2C5FC2B824F9293B00AE6127 /* CriticsCollectionViewCell.swift */ = {isa = PBXFileReference; lastKnownFileType = sourcecode.swift; path = CriticsCollectionViewCell.swift; sourceTree = "<group>"; };
		2C5FC2B924F9293B00AE6127 /* CriticsCollectionViewCell.xib */ = {isa = PBXFileReference; lastKnownFileType = file.xib; path = CriticsCollectionViewCell.xib; sourceTree = "<group>"; };
		2C5FC2BC24F93C0F00AE6127 /* Resource.swift */ = {isa = PBXFileReference; lastKnownFileType = sourcecode.swift; path = Resource.swift; sourceTree = "<group>"; };
		2C68352524FFDAF300F9FA69 /* CriticInfoCollectionViewCell.swift */ = {isa = PBXFileReference; lastKnownFileType = sourcecode.swift; path = CriticInfoCollectionViewCell.swift; sourceTree = "<group>"; };
		2C68352624FFDAF300F9FA69 /* CriticInfoCollectionViewCell.xib */ = {isa = PBXFileReference; lastKnownFileType = file.xib; path = CriticInfoCollectionViewCell.xib; sourceTree = "<group>"; };
		2C7157BD24EFB9AE009CB026 /* Reviewes and critics.app */ = {isa = PBXFileReference; explicitFileType = wrapper.application; includeInIndex = 0; path = "Reviewes and critics.app"; sourceTree = BUILT_PRODUCTS_DIR; };
		2C7157C024EFB9AE009CB026 /* AppDelegate.swift */ = {isa = PBXFileReference; lastKnownFileType = sourcecode.swift; path = AppDelegate.swift; sourceTree = "<group>"; };
		2C7157C424EFB9AE009CB026 /* ContainerViewController.swift */ = {isa = PBXFileReference; lastKnownFileType = sourcecode.swift; path = ContainerViewController.swift; sourceTree = "<group>"; };
		2C7157C724EFB9AE009CB026 /* Base */ = {isa = PBXFileReference; lastKnownFileType = file.storyboard; name = Base; path = Base.lproj/Main.storyboard; sourceTree = "<group>"; };
		2C7157C924EFB9AF009CB026 /* Assets.xcassets */ = {isa = PBXFileReference; lastKnownFileType = folder.assetcatalog; path = Assets.xcassets; sourceTree = "<group>"; };
		2C7157CC24EFB9AF009CB026 /* Base */ = {isa = PBXFileReference; lastKnownFileType = file.storyboard; name = Base; path = Base.lproj/LaunchScreen.storyboard; sourceTree = "<group>"; };
		2C7157CE24EFB9AF009CB026 /* Info.plist */ = {isa = PBXFileReference; lastKnownFileType = text.plist.xml; path = Info.plist; sourceTree = "<group>"; };
		2C7157D324EFB9AF009CB026 /* Reviewes and criticsTests.xctest */ = {isa = PBXFileReference; explicitFileType = wrapper.cfbundle; includeInIndex = 0; path = "Reviewes and criticsTests.xctest"; sourceTree = BUILT_PRODUCTS_DIR; };
		2C7157D724EFB9AF009CB026 /* Reviewes_and_criticsTests.swift */ = {isa = PBXFileReference; lastKnownFileType = sourcecode.swift; path = Reviewes_and_criticsTests.swift; sourceTree = "<group>"; };
		2C7157D924EFB9AF009CB026 /* Info.plist */ = {isa = PBXFileReference; lastKnownFileType = text.plist.xml; path = Info.plist; sourceTree = "<group>"; };
		2C7157EC24F00C48009CB026 /* Review.swift */ = {isa = PBXFileReference; lastKnownFileType = sourcecode.swift; path = Review.swift; sourceTree = "<group>"; };
		2C7157EE24F012FE009CB026 /* Multimedia.swift */ = {isa = PBXFileReference; lastKnownFileType = sourcecode.swift; path = Multimedia.swift; sourceTree = "<group>"; };
		2C85B31B24F552B10058E1E5 /* FullArray.swift */ = {isa = PBXFileReference; lastKnownFileType = sourcecode.swift; path = FullArray.swift; sourceTree = "<group>"; };
		2CBE12ED24F7A49600397909 /* KeyboardToolbar.swift */ = {isa = PBXFileReference; lastKnownFileType = sourcecode.swift; path = KeyboardToolbar.swift; sourceTree = "<group>"; };
		2CBE12EF24F7A4C600397909 /* KeyboardToolbarButton.swift */ = {isa = PBXFileReference; lastKnownFileType = sourcecode.swift; path = KeyboardToolbarButton.swift; sourceTree = "<group>"; };
		2CC6051424FF74F00097717D /* String+Ext.swift */ = {isa = PBXFileReference; lastKnownFileType = sourcecode.swift; path = "String+Ext.swift"; sourceTree = "<group>"; };
		2CC6051624FFB3F40097717D /* UIView+Ext.swift */ = {isa = PBXFileReference; lastKnownFileType = sourcecode.swift; path = "UIView+Ext.swift"; sourceTree = "<group>"; };
		2CC6051824FFB40A0097717D /* UIViewController+Ext.swift */ = {isa = PBXFileReference; lastKnownFileType = sourcecode.swift; path = "UIViewController+Ext.swift"; sourceTree = "<group>"; };
		2CD7960424FD015400A75BC2 /* SessionForCriticReviwes.swift */ = {isa = PBXFileReference; lastKnownFileType = sourcecode.swift; path = SessionForCriticReviwes.swift; sourceTree = "<group>"; };
		2CE9D0F224F646CD00A916B0 /* ReviewesCollectionViewCell.swift */ = {isa = PBXFileReference; lastKnownFileType = sourcecode.swift; path = ReviewesCollectionViewCell.swift; sourceTree = "<group>"; };
		2CE9D0F324F646CD00A916B0 /* ReviewesCollectionViewCell.xib */ = {isa = PBXFileReference; lastKnownFileType = file.xib; path = ReviewesCollectionViewCell.xib; sourceTree = "<group>"; };
		5382EE0E78EF2A09494ED5DA /* Pods-Reviewes and criticsTests.release.xcconfig */ = {isa = PBXFileReference; includeInIndex = 1; lastKnownFileType = text.xcconfig; name = "Pods-Reviewes and criticsTests.release.xcconfig"; path = "Target Support Files/Pods-Reviewes and criticsTests/Pods-Reviewes and criticsTests.release.xcconfig"; sourceTree = "<group>"; };
		72AF784D8533EB593071E0EB /* Pods-Reviewes and critics.release.xcconfig */ = {isa = PBXFileReference; includeInIndex = 1; lastKnownFileType = text.xcconfig; name = "Pods-Reviewes and critics.release.xcconfig"; path = "Target Support Files/Pods-Reviewes and critics/Pods-Reviewes and critics.release.xcconfig"; sourceTree = "<group>"; };
		9F7EDA3FB47FB88DD6BF0535 /* Pods-Reviewes and criticsTests.debug.xcconfig */ = {isa = PBXFileReference; includeInIndex = 1; lastKnownFileType = text.xcconfig; name = "Pods-Reviewes and criticsTests.debug.xcconfig"; path = "Target Support Files/Pods-Reviewes and criticsTests/Pods-Reviewes and criticsTests.debug.xcconfig"; sourceTree = "<group>"; };
		A7376D1607C06D4FABE0F819 /* Pods-Reviewes and critics.debug.xcconfig */ = {isa = PBXFileReference; includeInIndex = 1; lastKnownFileType = text.xcconfig; name = "Pods-Reviewes and critics.debug.xcconfig"; path = "Target Support Files/Pods-Reviewes and critics/Pods-Reviewes and critics.debug.xcconfig"; sourceTree = "<group>"; };
		B24B99ABDECD463C5FB8345C /* Pods_Reviewes_and_critics.framework */ = {isa = PBXFileReference; explicitFileType = wrapper.framework; includeInIndex = 0; path = Pods_Reviewes_and_critics.framework; sourceTree = BUILT_PRODUCTS_DIR; };
/* End PBXFileReference section */

/* Begin PBXFrameworksBuildPhase section */
		2C7157BA24EFB9AE009CB026 /* Frameworks */ = {
			isa = PBXFrameworksBuildPhase;
			buildActionMask = 2147483647;
			files = (
				E40A606CED3D3FB9F0D6CDE8 /* Pods_Reviewes_and_critics.framework in Frameworks */,
			);
			runOnlyForDeploymentPostprocessing = 0;
		};
		2C7157D024EFB9AF009CB026 /* Frameworks */ = {
			isa = PBXFrameworksBuildPhase;
			buildActionMask = 2147483647;
			files = (
				2EA952FDCF248291DCE1B509 /* Pods_Reviewes_and_criticsTests.framework in Frameworks */,
			);
			runOnlyForDeploymentPostprocessing = 0;
		};
/* End PBXFrameworksBuildPhase section */

/* Begin PBXGroup section */
		2C7157B424EFB9AE009CB026 = {
			isa = PBXGroup;
			children = (
				2C7157BF24EFB9AE009CB026 /* Reviewes and critics */,
				2C7157D624EFB9AF009CB026 /* Reviewes and criticsTests */,
				2C7157BE24EFB9AE009CB026 /* Products */,
				A1091926C0ECA65C6FD78030 /* Pods */,
				56E247196C7BD682E858AB99 /* Frameworks */,
			);
			sourceTree = "<group>";
		};
		2C7157BE24EFB9AE009CB026 /* Products */ = {
			isa = PBXGroup;
			children = (
				2C7157BD24EFB9AE009CB026 /* Reviewes and critics.app */,
				2C7157D324EFB9AF009CB026 /* Reviewes and criticsTests.xctest */,
			);
			name = Products;
			sourceTree = "<group>";
		};
		2C7157BF24EFB9AE009CB026 /* Reviewes and critics */ = {
			isa = PBXGroup;
			children = (
				2CC6051324FF74D80097717D /* Extensions */,
				2C7157E224EFBA49009CB026 /* System */,
				2C7157E324EFBA5E009CB026 /* Models */,
				2C7157E424EFBA79009CB026 /* Network cell */,
				2C7157E524EFBA91009CB026 /* Controllers */,
				2C7157E624EFBAAD009CB026 /* Storyboard */,
				2C7157E724EFBACF009CB026 /* Files */,
				2C7157CE24EFB9AF009CB026 /* Info.plist */,
			);
			path = "Reviewes and critics";
			sourceTree = "<group>";
		};
		2C7157D624EFB9AF009CB026 /* Reviewes and criticsTests */ = {
			isa = PBXGroup;
			children = (
				2C7157D724EFB9AF009CB026 /* Reviewes_and_criticsTests.swift */,
				2C7157D924EFB9AF009CB026 /* Info.plist */,
			);
			path = "Reviewes and criticsTests";
			sourceTree = "<group>";
		};
		2C7157E224EFBA49009CB026 /* System */ = {
			isa = PBXGroup;
			children = (
				2C7157C024EFB9AE009CB026 /* AppDelegate.swift */,
			);
			path = System;
			sourceTree = "<group>";
		};
		2C7157E324EFBA5E009CB026 /* Models */ = {
			isa = PBXGroup;
			children = (
				2C2B726E2502300B0054EF4C /* CellProtocol.swift */,
				2CBE12EF24F7A4C600397909 /* KeyboardToolbarButton.swift */,
				2CBE12ED24F7A49600397909 /* KeyboardToolbar.swift */,
				2C7157EE24F012FE009CB026 /* Multimedia.swift */,
				2C5FC2BC24F93C0F00AE6127 /* Resource.swift */,
				2C7157EC24F00C48009CB026 /* Review.swift */,
				2C5FC2B624F9286000AE6127 /* Critic.swift */,
				2C4DA9EA24F3B5D500A77333 /* SessionForReviewes.swift */,
				2CD7960424FD015400A75BC2 /* SessionForCriticReviwes.swift */,
				2C5FC2B224F91A4C00AE6127 /* SessionForCritics.swift */,
				2C85B31B24F552B10058E1E5 /* FullArray.swift */,
				2C5FC2B424F9283000AE6127 /* Critics.swift */,
				2C4DA9EC24F3B69F00A77333 /* NetworkError.swift */,
			);
			path = Models;
			sourceTree = "<group>";
		};
		2C7157E424EFBA79009CB026 /* Network cell */ = {
			isa = PBXGroup;
			children = (
				2C2B72702502319D0054EF4C /* CriticInfoICellItem.swift */,
				2C2B7272250231C10054EF4C /* ReviewesCellItem.swift */,
				2C68352524FFDAF300F9FA69 /* CriticInfoCollectionViewCell.swift */,
				2C68352624FFDAF300F9FA69 /* CriticInfoCollectionViewCell.xib */,
				2C5FC2B824F9293B00AE6127 /* CriticsCollectionViewCell.swift */,
				2C5FC2B924F9293B00AE6127 /* CriticsCollectionViewCell.xib */,
				2CE9D0F224F646CD00A916B0 /* ReviewesCollectionViewCell.swift */,
				2CE9D0F324F646CD00A916B0 /* ReviewesCollectionViewCell.xib */,
			);
			path = "Network cell";
			sourceTree = "<group>";
		};
		2C7157E524EFBA91009CB026 /* Controllers */ = {
			isa = PBXGroup;
			children = (
				2C7157C424EFB9AE009CB026 /* ContainerViewController.swift */,
				2C4DA9E424F3B27D00A77333 /* ReviewesViewController.swift */,
				2C4DA9E624F3B2AC00A77333 /* CriticsViewController.swift */,
				2C4DA9E824F3B38500A77333 /* CriticAboutViewController.swift */,
			);
			path = Controllers;
			sourceTree = "<group>";
		};
		2C7157E624EFBAAD009CB026 /* Storyboard */ = {
			isa = PBXGroup;
			children = (
				2C7157C624EFB9AE009CB026 /* Main.storyboard */,
				2C7157CB24EFB9AF009CB026 /* LaunchScreen.storyboard */,
			);
			path = Storyboard;
			sourceTree = "<group>";
		};
		2C7157E724EFBACF009CB026 /* Files */ = {
			isa = PBXGroup;
			children = (
				2C7157C924EFB9AF009CB026 /* Assets.xcassets */,
			);
			path = Files;
			sourceTree = "<group>";
		};
		2CC6051324FF74D80097717D /* Extensions */ = {
			isa = PBXGroup;
			children = (
				2CC6051424FF74F00097717D /* String+Ext.swift */,
				2CC6051624FFB3F40097717D /* UIView+Ext.swift */,
				2CC6051824FFB40A0097717D /* UIViewController+Ext.swift */,
			);
			path = Extensions;
			sourceTree = "<group>";
		};
		56E247196C7BD682E858AB99 /* Frameworks */ = {
			isa = PBXGroup;
			children = (
				B24B99ABDECD463C5FB8345C /* Pods_Reviewes_and_critics.framework */,
				22E3B1F1165A5787E82C849B /* Pods_Reviewes_and_criticsTests.framework */,
			);
			name = Frameworks;
			sourceTree = "<group>";
		};
		A1091926C0ECA65C6FD78030 /* Pods */ = {
			isa = PBXGroup;
			children = (
				A7376D1607C06D4FABE0F819 /* Pods-Reviewes and critics.debug.xcconfig */,
				72AF784D8533EB593071E0EB /* Pods-Reviewes and critics.release.xcconfig */,
				9F7EDA3FB47FB88DD6BF0535 /* Pods-Reviewes and criticsTests.debug.xcconfig */,
				5382EE0E78EF2A09494ED5DA /* Pods-Reviewes and criticsTests.release.xcconfig */,
			);
			path = Pods;
			sourceTree = "<group>";
		};
/* End PBXGroup section */

/* Begin PBXNativeTarget section */
		2C7157BC24EFB9AE009CB026 /* Reviewes and critics */ = {
			isa = PBXNativeTarget;
			buildConfigurationList = 2C7157DC24EFB9AF009CB026 /* Build configuration list for PBXNativeTarget "Reviewes and critics" */;
			buildPhases = (
				71C89E093C7711FEDFC81AFB /* [CP] Check Pods Manifest.lock */,
				2C7157B924EFB9AE009CB026 /* Sources */,
				2C7157BA24EFB9AE009CB026 /* Frameworks */,
				2C7157BB24EFB9AE009CB026 /* Resources */,
				6FB6541FA961B655F305C4A1 /* [CP] Embed Pods Frameworks */,
			);
			buildRules = (
			);
			dependencies = (
			);
			name = "Reviewes and critics";
			productName = "Reviewes and critics";
			productReference = 2C7157BD24EFB9AE009CB026 /* Reviewes and critics.app */;
			productType = "com.apple.product-type.application";
		};
		2C7157D224EFB9AF009CB026 /* Reviewes and criticsTests */ = {
			isa = PBXNativeTarget;
			buildConfigurationList = 2C7157DF24EFB9AF009CB026 /* Build configuration list for PBXNativeTarget "Reviewes and criticsTests" */;
			buildPhases = (
				B2B95F23EDE8BE316D9BC16E /* [CP] Check Pods Manifest.lock */,
				2C7157CF24EFB9AF009CB026 /* Sources */,
				2C7157D024EFB9AF009CB026 /* Frameworks */,
				2C7157D124EFB9AF009CB026 /* Resources */,
			);
			buildRules = (
			);
			dependencies = (
				2C7157D524EFB9AF009CB026 /* PBXTargetDependency */,
			);
			name = "Reviewes and criticsTests";
			productName = "Reviewes and criticsTests";
			productReference = 2C7157D324EFB9AF009CB026 /* Reviewes and criticsTests.xctest */;
			productType = "com.apple.product-type.bundle.unit-test";
		};
/* End PBXNativeTarget section */

/* Begin PBXProject section */
		2C7157B524EFB9AE009CB026 /* Project object */ = {
			isa = PBXProject;
			attributes = {
				LastSwiftUpdateCheck = 1160;
				LastUpgradeCheck = 1160;
				ORGANIZATIONNAME = Ivan;
				TargetAttributes = {
					2C7157BC24EFB9AE009CB026 = {
						CreatedOnToolsVersion = 11.6;
					};
					2C7157D224EFB9AF009CB026 = {
						CreatedOnToolsVersion = 11.6;
						TestTargetID = 2C7157BC24EFB9AE009CB026;
					};
				};
			};
			buildConfigurationList = 2C7157B824EFB9AE009CB026 /* Build configuration list for PBXProject "Reviewes and critics" */;
			compatibilityVersion = "Xcode 9.3";
			developmentRegion = en;
			hasScannedForEncodings = 0;
			knownRegions = (
				en,
				Base,
			);
			mainGroup = 2C7157B424EFB9AE009CB026;
			productRefGroup = 2C7157BE24EFB9AE009CB026 /* Products */;
			projectDirPath = "";
			projectRoot = "";
			targets = (
				2C7157BC24EFB9AE009CB026 /* Reviewes and critics */,
				2C7157D224EFB9AF009CB026 /* Reviewes and criticsTests */,
			);
		};
/* End PBXProject section */

/* Begin PBXResourcesBuildPhase section */
		2C7157BB24EFB9AE009CB026 /* Resources */ = {
			isa = PBXResourcesBuildPhase;
			buildActionMask = 2147483647;
			files = (
				2C7157CD24EFB9AF009CB026 /* LaunchScreen.storyboard in Resources */,
				2C7157CA24EFB9AF009CB026 /* Assets.xcassets in Resources */,
				2C7157C824EFB9AE009CB026 /* Main.storyboard in Resources */,
				2CE9D0F524F646CD00A916B0 /* ReviewesCollectionViewCell.xib in Resources */,
				2C68352824FFDAF300F9FA69 /* CriticInfoCollectionViewCell.xib in Resources */,
				2C5FC2BB24F9293B00AE6127 /* CriticsCollectionViewCell.xib in Resources */,
			);
			runOnlyForDeploymentPostprocessing = 0;
		};
		2C7157D124EFB9AF009CB026 /* Resources */ = {
			isa = PBXResourcesBuildPhase;
			buildActionMask = 2147483647;
			files = (
			);
			runOnlyForDeploymentPostprocessing = 0;
		};
/* End PBXResourcesBuildPhase section */

/* Begin PBXShellScriptBuildPhase section */
		6FB6541FA961B655F305C4A1 /* [CP] Embed Pods Frameworks */ = {
			isa = PBXShellScriptBuildPhase;
			buildActionMask = 2147483647;
			files = (
			);
			inputFileListPaths = (
				"${PODS_ROOT}/Target Support Files/Pods-Reviewes and critics/Pods-Reviewes and critics-frameworks-${CONFIGURATION}-input-files.xcfilelist",
			);
			name = "[CP] Embed Pods Frameworks";
			outputFileListPaths = (
				"${PODS_ROOT}/Target Support Files/Pods-Reviewes and critics/Pods-Reviewes and critics-frameworks-${CONFIGURATION}-output-files.xcfilelist",
			);
			runOnlyForDeploymentPostprocessing = 0;
			shellPath = /bin/sh;
			shellScript = "\"${PODS_ROOT}/Target Support Files/Pods-Reviewes and critics/Pods-Reviewes and critics-frameworks.sh\"\n";
			showEnvVarsInLog = 0;
		};
		71C89E093C7711FEDFC81AFB /* [CP] Check Pods Manifest.lock */ = {
			isa = PBXShellScriptBuildPhase;
			buildActionMask = 2147483647;
			files = (
			);
			inputFileListPaths = (
			);
			inputPaths = (
				"${PODS_PODFILE_DIR_PATH}/Podfile.lock",
				"${PODS_ROOT}/Manifest.lock",
			);
			name = "[CP] Check Pods Manifest.lock";
			outputFileListPaths = (
			);
			outputPaths = (
				"$(DERIVED_FILE_DIR)/Pods-Reviewes and critics-checkManifestLockResult.txt",
			);
			runOnlyForDeploymentPostprocessing = 0;
			shellPath = /bin/sh;
			shellScript = "diff \"${PODS_PODFILE_DIR_PATH}/Podfile.lock\" \"${PODS_ROOT}/Manifest.lock\" > /dev/null\nif [ $? != 0 ] ; then\n    # print error to STDERR\n    echo \"error: The sandbox is not in sync with the Podfile.lock. Run 'pod install' or update your CocoaPods installation.\" >&2\n    exit 1\nfi\n# This output is used by Xcode 'outputs' to avoid re-running this script phase.\necho \"SUCCESS\" > \"${SCRIPT_OUTPUT_FILE_0}\"\n";
			showEnvVarsInLog = 0;
		};
		B2B95F23EDE8BE316D9BC16E /* [CP] Check Pods Manifest.lock */ = {
			isa = PBXShellScriptBuildPhase;
			buildActionMask = 2147483647;
			files = (
			);
			inputFileListPaths = (
			);
			inputPaths = (
				"${PODS_PODFILE_DIR_PATH}/Podfile.lock",
				"${PODS_ROOT}/Manifest.lock",
			);
			name = "[CP] Check Pods Manifest.lock";
			outputFileListPaths = (
			);
			outputPaths = (
				"$(DERIVED_FILE_DIR)/Pods-Reviewes and criticsTests-checkManifestLockResult.txt",
			);
			runOnlyForDeploymentPostprocessing = 0;
			shellPath = /bin/sh;
			shellScript = "diff \"${PODS_PODFILE_DIR_PATH}/Podfile.lock\" \"${PODS_ROOT}/Manifest.lock\" > /dev/null\nif [ $? != 0 ] ; then\n    # print error to STDERR\n    echo \"error: The sandbox is not in sync with the Podfile.lock. Run 'pod install' or update your CocoaPods installation.\" >&2\n    exit 1\nfi\n# This output is used by Xcode 'outputs' to avoid re-running this script phase.\necho \"SUCCESS\" > \"${SCRIPT_OUTPUT_FILE_0}\"\n";
			showEnvVarsInLog = 0;
		};
/* End PBXShellScriptBuildPhase section */

/* Begin PBXSourcesBuildPhase section */
		2C7157B924EFB9AE009CB026 /* Sources */ = {
			isa = PBXSourcesBuildPhase;
			buildActionMask = 2147483647;
			files = (
				2CD7960524FD015400A75BC2 /* SessionForCriticReviwes.swift in Sources */,
				2C4DA9E524F3B27D00A77333 /* ReviewesViewController.swift in Sources */,
				2C7157EF24F012FE009CB026 /* Multimedia.swift in Sources */,
				2C5FC2BA24F9293B00AE6127 /* CriticsCollectionViewCell.swift in Sources */,
				2C7157ED24F00C48009CB026 /* Review.swift in Sources */,
				2CC6051924FFB40A0097717D /* UIViewController+Ext.swift in Sources */,
				2C2B72712502319D0054EF4C /* CriticInfoICellItem.swift in Sources */,
				2C68352724FFDAF300F9FA69 /* CriticInfoCollectionViewCell.swift in Sources */,
				2C7157C524EFB9AE009CB026 /* ContainerViewController.swift in Sources */,
				2CBE12F024F7A4C600397909 /* KeyboardToolbarButton.swift in Sources */,
				2C2B726F2502300B0054EF4C /* CellProtocol.swift in Sources */,
				2C4DA9E724F3B2AC00A77333 /* CriticsViewController.swift in Sources */,
				2C5FC2B324F91A4C00AE6127 /* SessionForCritics.swift in Sources */,
				2C4DA9EB24F3B5D500A77333 /* SessionForReviewes.swift in Sources */,
				2C7157C124EFB9AE009CB026 /* AppDelegate.swift in Sources */,
				2C5FC2B524F9283000AE6127 /* Critics.swift in Sources */,
				2CC6051724FFB3F40097717D /* UIView+Ext.swift in Sources */,
				2C4DA9E924F3B38500A77333 /* CriticAboutViewController.swift in Sources */,
				2C5FC2BD24F93C0F00AE6127 /* Resource.swift in Sources */,
				2C85B31C24F552B10058E1E5 /* FullArray.swift in Sources */,
				2CC6051524FF74F00097717D /* String+Ext.swift in Sources */,
				2C4DA9ED24F3B69F00A77333 /* NetworkError.swift in Sources */,
				2C2B7273250231C10054EF4C /* ReviewesCellItem.swift in Sources */,
				2CBE12EE24F7A49600397909 /* KeyboardToolbar.swift in Sources */,
				2CE9D0F424F646CD00A916B0 /* ReviewesCollectionViewCell.swift in Sources */,
				2C5FC2B724F9286000AE6127 /* Critic.swift in Sources */,
			);
			runOnlyForDeploymentPostprocessing = 0;
		};
		2C7157CF24EFB9AF009CB026 /* Sources */ = {
			isa = PBXSourcesBuildPhase;
			buildActionMask = 2147483647;
			files = (
				2C7157D824EFB9AF009CB026 /* Reviewes_and_criticsTests.swift in Sources */,
			);
			runOnlyForDeploymentPostprocessing = 0;
		};
/* End PBXSourcesBuildPhase section */

/* Begin PBXTargetDependency section */
		2C7157D524EFB9AF009CB026 /* PBXTargetDependency */ = {
			isa = PBXTargetDependency;
			target = 2C7157BC24EFB9AE009CB026 /* Reviewes and critics */;
			targetProxy = 2C7157D424EFB9AF009CB026 /* PBXContainerItemProxy */;
		};
/* End PBXTargetDependency section */

/* Begin PBXVariantGroup section */
		2C7157C624EFB9AE009CB026 /* Main.storyboard */ = {
			isa = PBXVariantGroup;
			children = (
				2C7157C724EFB9AE009CB026 /* Base */,
			);
			name = Main.storyboard;
			sourceTree = "<group>";
		};
		2C7157CB24EFB9AF009CB026 /* LaunchScreen.storyboard */ = {
			isa = PBXVariantGroup;
			children = (
				2C7157CC24EFB9AF009CB026 /* Base */,
			);
			name = LaunchScreen.storyboard;
			sourceTree = "<group>";
		};
/* End PBXVariantGroup section */

/* Begin XCBuildConfiguration section */
		2C7157DA24EFB9AF009CB026 /* Debug */ = {
			isa = XCBuildConfiguration;
			buildSettings = {
				ALWAYS_SEARCH_USER_PATHS = NO;
				CLANG_ANALYZER_NONNULL = YES;
				CLANG_ANALYZER_NUMBER_OBJECT_CONVERSION = YES_AGGRESSIVE;
				CLANG_CXX_LANGUAGE_STANDARD = "gnu++14";
				CLANG_CXX_LIBRARY = "libc++";
				CLANG_ENABLE_MODULES = YES;
				CLANG_ENABLE_OBJC_ARC = YES;
				CLANG_ENABLE_OBJC_WEAK = YES;
				CLANG_WARN_BLOCK_CAPTURE_AUTORELEASING = YES;
				CLANG_WARN_BOOL_CONVERSION = YES;
				CLANG_WARN_COMMA = YES;
				CLANG_WARN_CONSTANT_CONVERSION = YES;
				CLANG_WARN_DEPRECATED_OBJC_IMPLEMENTATIONS = YES;
				CLANG_WARN_DIRECT_OBJC_ISA_USAGE = YES_ERROR;
				CLANG_WARN_DOCUMENTATION_COMMENTS = YES;
				CLANG_WARN_EMPTY_BODY = YES;
				CLANG_WARN_ENUM_CONVERSION = YES;
				CLANG_WARN_INFINITE_RECURSION = YES;
				CLANG_WARN_INT_CONVERSION = YES;
				CLANG_WARN_NON_LITERAL_NULL_CONVERSION = YES;
				CLANG_WARN_OBJC_IMPLICIT_RETAIN_SELF = YES;
				CLANG_WARN_OBJC_LITERAL_CONVERSION = YES;
				CLANG_WARN_OBJC_ROOT_CLASS = YES_ERROR;
				CLANG_WARN_RANGE_LOOP_ANALYSIS = YES;
				CLANG_WARN_STRICT_PROTOTYPES = YES;
				CLANG_WARN_SUSPICIOUS_MOVE = YES;
				CLANG_WARN_UNGUARDED_AVAILABILITY = YES_AGGRESSIVE;
				CLANG_WARN_UNREACHABLE_CODE = YES;
				CLANG_WARN__DUPLICATE_METHOD_MATCH = YES;
				COPY_PHASE_STRIP = NO;
				DEBUG_INFORMATION_FORMAT = dwarf;
				ENABLE_STRICT_OBJC_MSGSEND = YES;
				ENABLE_TESTABILITY = YES;
				GCC_C_LANGUAGE_STANDARD = gnu11;
				GCC_DYNAMIC_NO_PIC = NO;
				GCC_NO_COMMON_BLOCKS = YES;
				GCC_OPTIMIZATION_LEVEL = 0;
				GCC_PREPROCESSOR_DEFINITIONS = (
					"DEBUG=1",
					"$(inherited)",
				);
				GCC_WARN_64_TO_32_BIT_CONVERSION = YES;
				GCC_WARN_ABOUT_RETURN_TYPE = YES_ERROR;
				GCC_WARN_UNDECLARED_SELECTOR = YES;
				GCC_WARN_UNINITIALIZED_AUTOS = YES_AGGRESSIVE;
				GCC_WARN_UNUSED_FUNCTION = YES;
				GCC_WARN_UNUSED_VARIABLE = YES;
				IPHONEOS_DEPLOYMENT_TARGET = 11.0;
				MTL_ENABLE_DEBUG_INFO = INCLUDE_SOURCE;
				MTL_FAST_MATH = YES;
				ONLY_ACTIVE_ARCH = YES;
				SDKROOT = iphoneos;
				SWIFT_ACTIVE_COMPILATION_CONDITIONS = DEBUG;
				SWIFT_OPTIMIZATION_LEVEL = "-Onone";
			};
			name = Debug;
		};
		2C7157DB24EFB9AF009CB026 /* Release */ = {
			isa = XCBuildConfiguration;
			buildSettings = {
				ALWAYS_SEARCH_USER_PATHS = NO;
				CLANG_ANALYZER_NONNULL = YES;
				CLANG_ANALYZER_NUMBER_OBJECT_CONVERSION = YES_AGGRESSIVE;
				CLANG_CXX_LANGUAGE_STANDARD = "gnu++14";
				CLANG_CXX_LIBRARY = "libc++";
				CLANG_ENABLE_MODULES = YES;
				CLANG_ENABLE_OBJC_ARC = YES;
				CLANG_ENABLE_OBJC_WEAK = YES;
				CLANG_WARN_BLOCK_CAPTURE_AUTORELEASING = YES;
				CLANG_WARN_BOOL_CONVERSION = YES;
				CLANG_WARN_COMMA = YES;
				CLANG_WARN_CONSTANT_CONVERSION = YES;
				CLANG_WARN_DEPRECATED_OBJC_IMPLEMENTATIONS = YES;
				CLANG_WARN_DIRECT_OBJC_ISA_USAGE = YES_ERROR;
				CLANG_WARN_DOCUMENTATION_COMMENTS = YES;
				CLANG_WARN_EMPTY_BODY = YES;
				CLANG_WARN_ENUM_CONVERSION = YES;
				CLANG_WARN_INFINITE_RECURSION = YES;
				CLANG_WARN_INT_CONVERSION = YES;
				CLANG_WARN_NON_LITERAL_NULL_CONVERSION = YES;
				CLANG_WARN_OBJC_IMPLICIT_RETAIN_SELF = YES;
				CLANG_WARN_OBJC_LITERAL_CONVERSION = YES;
				CLANG_WARN_OBJC_ROOT_CLASS = YES_ERROR;
				CLANG_WARN_RANGE_LOOP_ANALYSIS = YES;
				CLANG_WARN_STRICT_PROTOTYPES = YES;
				CLANG_WARN_SUSPICIOUS_MOVE = YES;
				CLANG_WARN_UNGUARDED_AVAILABILITY = YES_AGGRESSIVE;
				CLANG_WARN_UNREACHABLE_CODE = YES;
				CLANG_WARN__DUPLICATE_METHOD_MATCH = YES;
				COPY_PHASE_STRIP = NO;
				DEBUG_INFORMATION_FORMAT = "dwarf-with-dsym";
				ENABLE_NS_ASSERTIONS = NO;
				ENABLE_STRICT_OBJC_MSGSEND = YES;
				GCC_C_LANGUAGE_STANDARD = gnu11;
				GCC_NO_COMMON_BLOCKS = YES;
				GCC_WARN_64_TO_32_BIT_CONVERSION = YES;
				GCC_WARN_ABOUT_RETURN_TYPE = YES_ERROR;
				GCC_WARN_UNDECLARED_SELECTOR = YES;
				GCC_WARN_UNINITIALIZED_AUTOS = YES_AGGRESSIVE;
				GCC_WARN_UNUSED_FUNCTION = YES;
				GCC_WARN_UNUSED_VARIABLE = YES;
				IPHONEOS_DEPLOYMENT_TARGET = 11.0;
				MTL_ENABLE_DEBUG_INFO = NO;
				MTL_FAST_MATH = YES;
				SDKROOT = iphoneos;
				SWIFT_COMPILATION_MODE = wholemodule;
				SWIFT_OPTIMIZATION_LEVEL = "-O";
				VALIDATE_PRODUCT = YES;
			};
			name = Release;
		};
		2C7157DD24EFB9AF009CB026 /* Debug */ = {
			isa = XCBuildConfiguration;
			baseConfigurationReference = A7376D1607C06D4FABE0F819 /* Pods-Reviewes and critics.debug.xcconfig */;
			buildSettings = {
				ASSETCATALOG_COMPILER_APPICON_NAME = AppIcon;
				CODE_SIGN_STYLE = Automatic;
				DEVELOPMENT_TEAM = FVK56LF4WM;
				INFOPLIST_FILE = "Reviewes and critics/Info.plist";
				IPHONEOS_DEPLOYMENT_TARGET = 11.0;
				LD_RUNPATH_SEARCH_PATHS = (
					"$(inherited)",
					"@executable_path/Frameworks",
				);
				PRODUCT_BUNDLE_IDENTIFIER = "com.example.Reviewes-and-critics";
				PRODUCT_NAME = "$(TARGET_NAME)";
				SWIFT_VERSION = 5.0;
				TARGETED_DEVICE_FAMILY = "1,2";
			};
			name = Debug;
		};
		2C7157DE24EFB9AF009CB026 /* Release */ = {
			isa = XCBuildConfiguration;
			baseConfigurationReference = 72AF784D8533EB593071E0EB /* Pods-Reviewes and critics.release.xcconfig */;
			buildSettings = {
				ASSETCATALOG_COMPILER_APPICON_NAME = AppIcon;
				CODE_SIGN_STYLE = Automatic;
				DEVELOPMENT_TEAM = FVK56LF4WM;
				INFOPLIST_FILE = "Reviewes and critics/Info.plist";
				IPHONEOS_DEPLOYMENT_TARGET = 11.0;
				LD_RUNPATH_SEARCH_PATHS = (
					"$(inherited)",
					"@executable_path/Frameworks",
				);
				PRODUCT_BUNDLE_IDENTIFIER = "com.example.Reviewes-and-critics";
				PRODUCT_NAME = "$(TARGET_NAME)";
				SWIFT_VERSION = 5.0;
				TARGETED_DEVICE_FAMILY = "1,2";
			};
			name = Release;
		};
		2C7157E024EFB9AF009CB026 /* Debug */ = {
			isa = XCBuildConfiguration;
			baseConfigurationReference = 9F7EDA3FB47FB88DD6BF0535 /* Pods-Reviewes and criticsTests.debug.xcconfig */;
			buildSettings = {
				ALWAYS_EMBED_SWIFT_STANDARD_LIBRARIES = YES;
				BUNDLE_LOADER = "$(TEST_HOST)";
				CODE_SIGN_STYLE = Automatic;
				DEVELOPMENT_TEAM = FVK56LF4WM;
				INFOPLIST_FILE = "Reviewes and criticsTests/Info.plist";
				IPHONEOS_DEPLOYMENT_TARGET = 13.6;
				LD_RUNPATH_SEARCH_PATHS = (
					"$(inherited)",
					"@executable_path/Frameworks",
					"@loader_path/Frameworks",
				);
				PRODUCT_BUNDLE_IDENTIFIER = "com.example.Reviewes-and-criticsTests";
				PRODUCT_NAME = "$(TARGET_NAME)";
				SWIFT_VERSION = 5.0;
				TARGETED_DEVICE_FAMILY = "1,2";
				TEST_HOST = "$(BUILT_PRODUCTS_DIR)/Reviewes and critics.app/Reviewes and critics";
			};
			name = Debug;
		};
		2C7157E124EFB9AF009CB026 /* Release */ = {
			isa = XCBuildConfiguration;
			baseConfigurationReference = 5382EE0E78EF2A09494ED5DA /* Pods-Reviewes and criticsTests.release.xcconfig */;
			buildSettings = {
				ALWAYS_EMBED_SWIFT_STANDARD_LIBRARIES = YES;
				BUNDLE_LOADER = "$(TEST_HOST)";
				CODE_SIGN_STYLE = Automatic;
				DEVELOPMENT_TEAM = FVK56LF4WM;
				INFOPLIST_FILE = "Reviewes and criticsTests/Info.plist";
				IPHONEOS_DEPLOYMENT_TARGET = 13.6;
				LD_RUNPATH_SEARCH_PATHS = (
					"$(inherited)",
					"@executable_path/Frameworks",
					"@loader_path/Frameworks",
				);
				PRODUCT_BUNDLE_IDENTIFIER = "com.example.Reviewes-and-criticsTests";
				PRODUCT_NAME = "$(TARGET_NAME)";
				SWIFT_VERSION = 5.0;
				TARGETED_DEVICE_FAMILY = "1,2";
				TEST_HOST = "$(BUILT_PRODUCTS_DIR)/Reviewes and critics.app/Reviewes and critics";
			};
			name = Release;
		};
/* End XCBuildConfiguration section */

/* Begin XCConfigurationList section */
		2C7157B824EFB9AE009CB026 /* Build configuration list for PBXProject "Reviewes and critics" */ = {
			isa = XCConfigurationList;
			buildConfigurations = (
				2C7157DA24EFB9AF009CB026 /* Debug */,
				2C7157DB24EFB9AF009CB026 /* Release */,
			);
			defaultConfigurationIsVisible = 0;
			defaultConfigurationName = Release;
		};
		2C7157DC24EFB9AF009CB026 /* Build configuration list for PBXNativeTarget "Reviewes and critics" */ = {
			isa = XCConfigurationList;
			buildConfigurations = (
				2C7157DD24EFB9AF009CB026 /* Debug */,
				2C7157DE24EFB9AF009CB026 /* Release */,
			);
			defaultConfigurationIsVisible = 0;
			defaultConfigurationName = Release;
		};
		2C7157DF24EFB9AF009CB026 /* Build configuration list for PBXNativeTarget "Reviewes and criticsTests" */ = {
			isa = XCConfigurationList;
			buildConfigurations = (
				2C7157E024EFB9AF009CB026 /* Debug */,
				2C7157E124EFB9AF009CB026 /* Release */,
			);
			defaultConfigurationIsVisible = 0;
			defaultConfigurationName = Release;
		};
/* End XCConfigurationList section */
	};
	rootObject = 2C7157B524EFB9AE009CB026 /* Project object */;
}
